// !$*UTF8*$!
{
	archiveVersion = 1;
	classes = {
	};
	objectVersion = 56;
	objects = {

/* Begin PBXBuildFile section */
		016A8A4312190E238409E519 /* Pods_91TDDAndRefactor_91TDDAndRefactorUITests.framework in Frameworks */ = {isa = PBXBuildFile; fileRef = 4AA32E056EDC3400BE8292F2 /* Pods_91TDDAndRefactor_91TDDAndRefactorUITests.framework */; };
		28CA9300EB54E7BFE2E1EA34 /* Pods_91TDDAndRefactorTests.framework in Frameworks */ = {isa = PBXBuildFile; fileRef = 87A4AE81F67BD5D5638212FC /* Pods_91TDDAndRefactorTests.framework */; };
		366BF4122A95887C00E0604B /* AppDelegate.swift in Sources */ = {isa = PBXBuildFile; fileRef = 366BF4112A95887C00E0604B /* AppDelegate.swift */; };
		366BF4142A95887C00E0604B /* SceneDelegate.swift in Sources */ = {isa = PBXBuildFile; fileRef = 366BF4132A95887C00E0604B /* SceneDelegate.swift */; };
		366BF4162A95887C00E0604B /* ViewController.swift in Sources */ = {isa = PBXBuildFile; fileRef = 366BF4152A95887C00E0604B /* ViewController.swift */; };
		366BF4192A95887C00E0604B /* Main.storyboard in Resources */ = {isa = PBXBuildFile; fileRef = 366BF4172A95887C00E0604B /* Main.storyboard */; };
		366BF41B2A95887E00E0604B /* Assets.xcassets in Resources */ = {isa = PBXBuildFile; fileRef = 366BF41A2A95887E00E0604B /* Assets.xcassets */; };
		366BF41E2A95887E00E0604B /* LaunchScreen.storyboard in Resources */ = {isa = PBXBuildFile; fileRef = 366BF41C2A95887E00E0604B /* LaunchScreen.storyboard */; };
		366BF4292A95887F00E0604B /* _1TDDAndRefactorTests.swift in Sources */ = {isa = PBXBuildFile; fileRef = 366BF4282A95887F00E0604B /* _1TDDAndRefactorTests.swift */; };
		366BF4332A95887F00E0604B /* _1TDDAndRefactorUITests.swift in Sources */ = {isa = PBXBuildFile; fileRef = 366BF4322A95887F00E0604B /* _1TDDAndRefactorUITests.swift */; };
		366BF4352A95887F00E0604B /* _1TDDAndRefactorUITestsLaunchTests.swift in Sources */ = {isa = PBXBuildFile; fileRef = 366BF4342A95887F00E0604B /* _1TDDAndRefactorUITestsLaunchTests.swift */; };
		9A0E57E8A71F4F1A8CE7852F /* Pods_91TDDAndRefactor.framework in Frameworks */ = {isa = PBXBuildFile; fileRef = 36C8F652CBBD669FD08DDCC9 /* Pods_91TDDAndRefactor.framework */; };
/* End PBXBuildFile section */

/* Begin PBXContainerItemProxy section */
		366BF4252A95887F00E0604B /* PBXContainerItemProxy */ = {
			isa = PBXContainerItemProxy;
			containerPortal = 366BF4062A95887C00E0604B /* Project object */;
			proxyType = 1;
			remoteGlobalIDString = 366BF40D2A95887C00E0604B;
			remoteInfo = 91TDDAndRefactor;
		};
		366BF42F2A95887F00E0604B /* PBXContainerItemProxy */ = {
			isa = PBXContainerItemProxy;
			containerPortal = 366BF4062A95887C00E0604B /* Project object */;
			proxyType = 1;
			remoteGlobalIDString = 366BF40D2A95887C00E0604B;
			remoteInfo = 91TDDAndRefactor;
		};
/* End PBXContainerItemProxy section */

/* Begin PBXFileReference section */
		366BF40E2A95887C00E0604B /* 91TDDAndRefactor.app */ = {isa = PBXFileReference; explicitFileType = wrapper.application; includeInIndex = 0; path = 91TDDAndRefactor.app; sourceTree = BUILT_PRODUCTS_DIR; };
		366BF4112A95887C00E0604B /* AppDelegate.swift */ = {isa = PBXFileReference; lastKnownFileType = sourcecode.swift; path = AppDelegate.swift; sourceTree = "<group>"; };
		366BF4132A95887C00E0604B /* SceneDelegate.swift */ = {isa = PBXFileReference; lastKnownFileType = sourcecode.swift; path = SceneDelegate.swift; sourceTree = "<group>"; };
		366BF4152A95887C00E0604B /* ViewController.swift */ = {isa = PBXFileReference; lastKnownFileType = sourcecode.swift; path = ViewController.swift; sourceTree = "<group>"; };
		366BF4182A95887C00E0604B /* Base */ = {isa = PBXFileReference; lastKnownFileType = file.storyboard; name = Base; path = Base.lproj/Main.storyboard; sourceTree = "<group>"; };
		366BF41A2A95887E00E0604B /* Assets.xcassets */ = {isa = PBXFileReference; lastKnownFileType = folder.assetcatalog; path = Assets.xcassets; sourceTree = "<group>"; };
		366BF41D2A95887E00E0604B /* Base */ = {isa = PBXFileReference; lastKnownFileType = file.storyboard; name = Base; path = Base.lproj/LaunchScreen.storyboard; sourceTree = "<group>"; };
		366BF41F2A95887E00E0604B /* Info.plist */ = {isa = PBXFileReference; lastKnownFileType = text.plist.xml; path = Info.plist; sourceTree = "<group>"; };
		366BF4242A95887F00E0604B /* 91TDDAndRefactorTests.xctest */ = {isa = PBXFileReference; explicitFileType = wrapper.cfbundle; includeInIndex = 0; path = 91TDDAndRefactorTests.xctest; sourceTree = BUILT_PRODUCTS_DIR; };
		366BF4282A95887F00E0604B /* _1TDDAndRefactorTests.swift */ = {isa = PBXFileReference; lastKnownFileType = sourcecode.swift; path = _1TDDAndRefactorTests.swift; sourceTree = "<group>"; };
		366BF42E2A95887F00E0604B /* 91TDDAndRefactorUITests.xctest */ = {isa = PBXFileReference; explicitFileType = wrapper.cfbundle; includeInIndex = 0; path = 91TDDAndRefactorUITests.xctest; sourceTree = BUILT_PRODUCTS_DIR; };
		366BF4322A95887F00E0604B /* _1TDDAndRefactorUITests.swift */ = {isa = PBXFileReference; lastKnownFileType = sourcecode.swift; path = _1TDDAndRefactorUITests.swift; sourceTree = "<group>"; };
		366BF4342A95887F00E0604B /* _1TDDAndRefactorUITestsLaunchTests.swift */ = {isa = PBXFileReference; lastKnownFileType = sourcecode.swift; path = _1TDDAndRefactorUITestsLaunchTests.swift; sourceTree = "<group>"; };
		36C8F652CBBD669FD08DDCC9 /* Pods_91TDDAndRefactor.framework */ = {isa = PBXFileReference; explicitFileType = wrapper.framework; includeInIndex = 0; path = Pods_91TDDAndRefactor.framework; sourceTree = BUILT_PRODUCTS_DIR; };
		424F4A4EDB6C3EE857C783BB /* Pods-91TDDAndRefactorTests.debug.xcconfig */ = {isa = PBXFileReference; includeInIndex = 1; lastKnownFileType = text.xcconfig; name = "Pods-91TDDAndRefactorTests.debug.xcconfig"; path = "Target Support Files/Pods-91TDDAndRefactorTests/Pods-91TDDAndRefactorTests.debug.xcconfig"; sourceTree = "<group>"; };
		4AA32E056EDC3400BE8292F2 /* Pods_91TDDAndRefactor_91TDDAndRefactorUITests.framework */ = {isa = PBXFileReference; explicitFileType = wrapper.framework; includeInIndex = 0; path = Pods_91TDDAndRefactor_91TDDAndRefactorUITests.framework; sourceTree = BUILT_PRODUCTS_DIR; };
		51D486D31A6536FEF7046344 /* Pods-91TDDAndRefactor-91TDDAndRefactorUITests.debug.xcconfig */ = {isa = PBXFileReference; includeInIndex = 1; lastKnownFileType = text.xcconfig; name = "Pods-91TDDAndRefactor-91TDDAndRefactorUITests.debug.xcconfig"; path = "Target Support Files/Pods-91TDDAndRefactor-91TDDAndRefactorUITests/Pods-91TDDAndRefactor-91TDDAndRefactorUITests.debug.xcconfig"; sourceTree = "<group>"; };
		55F019BBFE66137A6A8CC102 /* Pods-91TDDAndRefactor-91TDDAndRefactorUITests.release.xcconfig */ = {isa = PBXFileReference; includeInIndex = 1; lastKnownFileType = text.xcconfig; name = "Pods-91TDDAndRefactor-91TDDAndRefactorUITests.release.xcconfig"; path = "Target Support Files/Pods-91TDDAndRefactor-91TDDAndRefactorUITests/Pods-91TDDAndRefactor-91TDDAndRefactorUITests.release.xcconfig"; sourceTree = "<group>"; };
		87A4AE81F67BD5D5638212FC /* Pods_91TDDAndRefactorTests.framework */ = {isa = PBXFileReference; explicitFileType = wrapper.framework; includeInIndex = 0; path = Pods_91TDDAndRefactorTests.framework; sourceTree = BUILT_PRODUCTS_DIR; };
		930D95F86E6EA41F43B6CA91 /* Pods-91TDDAndRefactorTests.release.xcconfig */ = {isa = PBXFileReference; includeInIndex = 1; lastKnownFileType = text.xcconfig; name = "Pods-91TDDAndRefactorTests.release.xcconfig"; path = "Target Support Files/Pods-91TDDAndRefactorTests/Pods-91TDDAndRefactorTests.release.xcconfig"; sourceTree = "<group>"; };
		9FEAEA2CB46177497AEEB7EA /* Pods-91TDDAndRefactor.debug.xcconfig */ = {isa = PBXFileReference; includeInIndex = 1; lastKnownFileType = text.xcconfig; name = "Pods-91TDDAndRefactor.debug.xcconfig"; path = "Target Support Files/Pods-91TDDAndRefactor/Pods-91TDDAndRefactor.debug.xcconfig"; sourceTree = "<group>"; };
		D8C47443B161DE54D79D9686 /* Pods-91TDDAndRefactor.release.xcconfig */ = {isa = PBXFileReference; includeInIndex = 1; lastKnownFileType = text.xcconfig; name = "Pods-91TDDAndRefactor.release.xcconfig"; path = "Target Support Files/Pods-91TDDAndRefactor/Pods-91TDDAndRefactor.release.xcconfig"; sourceTree = "<group>"; };
/* End PBXFileReference section */

/* Begin PBXFrameworksBuildPhase section */
		366BF40B2A95887C00E0604B /* Frameworks */ = {
			isa = PBXFrameworksBuildPhase;
			buildActionMask = 2147483647;
			files = (
				9A0E57E8A71F4F1A8CE7852F /* Pods_91TDDAndRefactor.framework in Frameworks */,
			);
			runOnlyForDeploymentPostprocessing = 0;
		};
		366BF4212A95887F00E0604B /* Frameworks */ = {
			isa = PBXFrameworksBuildPhase;
			buildActionMask = 2147483647;
			files = (
				28CA9300EB54E7BFE2E1EA34 /* Pods_91TDDAndRefactorTests.framework in Frameworks */,
			);
			runOnlyForDeploymentPostprocessing = 0;
		};
		366BF42B2A95887F00E0604B /* Frameworks */ = {
			isa = PBXFrameworksBuildPhase;
			buildActionMask = 2147483647;
			files = (
				016A8A4312190E238409E519 /* Pods_91TDDAndRefactor_91TDDAndRefactorUITests.framework in Frameworks */,
			);
			runOnlyForDeploymentPostprocessing = 0;
		};
/* End PBXFrameworksBuildPhase section */

/* Begin PBXGroup section */
		366BF4052A95887C00E0604B = {
			isa = PBXGroup;
			children = (
				366BF4102A95887C00E0604B /* 91TDDAndRefactor */,
				366BF4272A95887F00E0604B /* 91TDDAndRefactorTests */,
				366BF4312A95887F00E0604B /* 91TDDAndRefactorUITests */,
				366BF40F2A95887C00E0604B /* Products */,
				A7C7C9A626899C1D4BD87A28 /* Pods */,
				F8A5163B50150B4FE2BCD8D5 /* Frameworks */,
			);
			sourceTree = "<group>";
		};
		366BF40F2A95887C00E0604B /* Products */ = {
			isa = PBXGroup;
			children = (
				366BF40E2A95887C00E0604B /* 91TDDAndRefactor.app */,
				366BF4242A95887F00E0604B /* 91TDDAndRefactorTests.xctest */,
				366BF42E2A95887F00E0604B /* 91TDDAndRefactorUITests.xctest */,
			);
			name = Products;
			sourceTree = "<group>";
		};
		366BF4102A95887C00E0604B /* 91TDDAndRefactor */ = {
			isa = PBXGroup;
			children = (
				366BF4112A95887C00E0604B /* AppDelegate.swift */,
				366BF4132A95887C00E0604B /* SceneDelegate.swift */,
				366BF4152A95887C00E0604B /* ViewController.swift */,
				366BF4172A95887C00E0604B /* Main.storyboard */,
				366BF41A2A95887E00E0604B /* Assets.xcassets */,
				366BF41C2A95887E00E0604B /* LaunchScreen.storyboard */,
				366BF41F2A95887E00E0604B /* Info.plist */,
			);
			path = 91TDDAndRefactor;
			sourceTree = "<group>";
		};
		366BF4272A95887F00E0604B /* 91TDDAndRefactorTests */ = {
			isa = PBXGroup;
			children = (
				366BF4282A95887F00E0604B /* _1TDDAndRefactorTests.swift */,
			);
			path = 91TDDAndRefactorTests;
			sourceTree = "<group>";
		};
		366BF4312A95887F00E0604B /* 91TDDAndRefactorUITests */ = {
			isa = PBXGroup;
			children = (
				366BF4322A95887F00E0604B /* _1TDDAndRefactorUITests.swift */,
				366BF4342A95887F00E0604B /* _1TDDAndRefactorUITestsLaunchTests.swift */,
			);
			path = 91TDDAndRefactorUITests;
			sourceTree = "<group>";
		};
		A7C7C9A626899C1D4BD87A28 /* Pods */ = {
			isa = PBXGroup;
			children = (
				9FEAEA2CB46177497AEEB7EA /* Pods-91TDDAndRefactor.debug.xcconfig */,
				D8C47443B161DE54D79D9686 /* Pods-91TDDAndRefactor.release.xcconfig */,
				51D486D31A6536FEF7046344 /* Pods-91TDDAndRefactor-91TDDAndRefactorUITests.debug.xcconfig */,
				55F019BBFE66137A6A8CC102 /* Pods-91TDDAndRefactor-91TDDAndRefactorUITests.release.xcconfig */,
				424F4A4EDB6C3EE857C783BB /* Pods-91TDDAndRefactorTests.debug.xcconfig */,
				930D95F86E6EA41F43B6CA91 /* Pods-91TDDAndRefactorTests.release.xcconfig */,
			);
			name = Pods;
			path = Pods;
			sourceTree = "<group>";
		};
		F8A5163B50150B4FE2BCD8D5 /* Frameworks */ = {
			isa = PBXGroup;
			children = (
				36C8F652CBBD669FD08DDCC9 /* Pods_91TDDAndRefactor.framework */,
				4AA32E056EDC3400BE8292F2 /* Pods_91TDDAndRefactor_91TDDAndRefactorUITests.framework */,
				87A4AE81F67BD5D5638212FC /* Pods_91TDDAndRefactorTests.framework */,
			);
			name = Frameworks;
			sourceTree = "<group>";
		};
/* End PBXGroup section */

/* Begin PBXNativeTarget section */
		366BF40D2A95887C00E0604B /* 91TDDAndRefactor */ = {
			isa = PBXNativeTarget;
			buildConfigurationList = 366BF4382A95887F00E0604B /* Build configuration list for PBXNativeTarget "91TDDAndRefactor" */;
			buildPhases = (
				D3942B44C2CC120B2AEDCA83 /* [CP] Check Pods Manifest.lock */,
				366BF40A2A95887C00E0604B /* Sources */,
				366BF40B2A95887C00E0604B /* Frameworks */,
				366BF40C2A95887C00E0604B /* Resources */,
				414AB4B727537DF8C3EA3742 /* [CP] Embed Pods Frameworks */,
			);
			buildRules = (
			);
			dependencies = (
			);
			name = 91TDDAndRefactor;
			productName = 91TDDAndRefactor;
			productReference = 366BF40E2A95887C00E0604B /* 91TDDAndRefactor.app */;
			productType = "com.apple.product-type.application";
		};
		366BF4232A95887F00E0604B /* 91TDDAndRefactorTests */ = {
			isa = PBXNativeTarget;
			buildConfigurationList = 366BF43B2A95887F00E0604B /* Build configuration list for PBXNativeTarget "91TDDAndRefactorTests" */;
			buildPhases = (
				EDC0963FBC28808B1CB1A479 /* [CP] Check Pods Manifest.lock */,
				366BF4202A95887F00E0604B /* Sources */,
				366BF4212A95887F00E0604B /* Frameworks */,
				366BF4222A95887F00E0604B /* Resources */,
			);
			buildRules = (
			);
			dependencies = (
				366BF4262A95887F00E0604B /* PBXTargetDependency */,
			);
			name = 91TDDAndRefactorTests;
			productName = 91TDDAndRefactorTests;
			productReference = 366BF4242A95887F00E0604B /* 91TDDAndRefactorTests.xctest */;
			productType = "com.apple.product-type.bundle.unit-test";
		};
		366BF42D2A95887F00E0604B /* 91TDDAndRefactorUITests */ = {
			isa = PBXNativeTarget;
			buildConfigurationList = 366BF43E2A95887F00E0604B /* Build configuration list for PBXNativeTarget "91TDDAndRefactorUITests" */;
			buildPhases = (
				D4F5C58913A74BB86EEDB799 /* [CP] Check Pods Manifest.lock */,
				366BF42A2A95887F00E0604B /* Sources */,
				366BF42B2A95887F00E0604B /* Frameworks */,
				366BF42C2A95887F00E0604B /* Resources */,
				386100D8C226F27D1A88D9AF /* [CP] Embed Pods Frameworks */,
			);
			buildRules = (
			);
			dependencies = (
				366BF4302A95887F00E0604B /* PBXTargetDependency */,
			);
			name = 91TDDAndRefactorUITests;
			productName = 91TDDAndRefactorUITests;
			productReference = 366BF42E2A95887F00E0604B /* 91TDDAndRefactorUITests.xctest */;
			productType = "com.apple.product-type.bundle.ui-testing";
		};
/* End PBXNativeTarget section */

/* Begin PBXProject section */
		366BF4062A95887C00E0604B /* Project object */ = {
			isa = PBXProject;
			attributes = {
				BuildIndependentTargetsInParallel = 1;
				LastSwiftUpdateCheck = 1500;
				LastUpgradeCheck = 1500;
				TargetAttributes = {
					366BF40D2A95887C00E0604B = {
						CreatedOnToolsVersion = 15.0;
					};
					366BF4232A95887F00E0604B = {
						CreatedOnToolsVersion = 15.0;
						TestTargetID = 366BF40D2A95887C00E0604B;
					};
					366BF42D2A95887F00E0604B = {
						CreatedOnToolsVersion = 15.0;
						TestTargetID = 366BF40D2A95887C00E0604B;
					};
				};
			};
			buildConfigurationList = 366BF4092A95887C00E0604B /* Build configuration list for PBXProject "91TDDAndRefactor" */;
			compatibilityVersion = "Xcode 14.0";
			developmentRegion = en;
			hasScannedForEncodings = 0;
			knownRegions = (
				en,
				Base,
			);
			mainGroup = 366BF4052A95887C00E0604B;
			productRefGroup = 366BF40F2A95887C00E0604B /* Products */;
			projectDirPath = "";
			projectRoot = "";
			targets = (
				366BF40D2A95887C00E0604B /* 91TDDAndRefactor */,
				366BF4232A95887F00E0604B /* 91TDDAndRefactorTests */,
				366BF42D2A95887F00E0604B /* 91TDDAndRefactorUITests */,
			);
		};
/* End PBXProject section */

/* Begin PBXResourcesBuildPhase section */
		366BF40C2A95887C00E0604B /* Resources */ = {
			isa = PBXResourcesBuildPhase;
			buildActionMask = 2147483647;
			files = (
				366BF41E2A95887E00E0604B /* LaunchScreen.storyboard in Resources */,
				366BF41B2A95887E00E0604B /* Assets.xcassets in Resources */,
				366BF4192A95887C00E0604B /* Main.storyboard in Resources */,
			);
			runOnlyForDeploymentPostprocessing = 0;
		};
		366BF4222A95887F00E0604B /* Resources */ = {
			isa = PBXResourcesBuildPhase;
			buildActionMask = 2147483647;
			files = (
			);
			runOnlyForDeploymentPostprocessing = 0;
		};
		366BF42C2A95887F00E0604B /* Resources */ = {
			isa = PBXResourcesBuildPhase;
			buildActionMask = 2147483647;
			files = (
			);
			runOnlyForDeploymentPostprocessing = 0;
		};
/* End PBXResourcesBuildPhase section */

/* Begin PBXShellScriptBuildPhase section */
		386100D8C226F27D1A88D9AF /* [CP] Embed Pods Frameworks */ = {
			isa = PBXShellScriptBuildPhase;
			buildActionMask = 2147483647;
			files = (
			);
			inputFileListPaths = (
				"${PODS_ROOT}/Target Support Files/Pods-91TDDAndRefactor-91TDDAndRefactorUITests/Pods-91TDDAndRefactor-91TDDAndRefactorUITests-frameworks-${CONFIGURATION}-input-files.xcfilelist",
			);
			name = "[CP] Embed Pods Frameworks";
			outputFileListPaths = (
				"${PODS_ROOT}/Target Support Files/Pods-91TDDAndRefactor-91TDDAndRefactorUITests/Pods-91TDDAndRefactor-91TDDAndRefactorUITests-frameworks-${CONFIGURATION}-output-files.xcfilelist",
			);
			runOnlyForDeploymentPostprocessing = 0;
			shellPath = /bin/sh;
			shellScript = "\"${PODS_ROOT}/Target Support Files/Pods-91TDDAndRefactor-91TDDAndRefactorUITests/Pods-91TDDAndRefactor-91TDDAndRefactorUITests-frameworks.sh\"\n";
			showEnvVarsInLog = 0;
		};
		414AB4B727537DF8C3EA3742 /* [CP] Embed Pods Frameworks */ = {
			isa = PBXShellScriptBuildPhase;
			buildActionMask = 2147483647;
			files = (
			);
			inputFileListPaths = (
				"${PODS_ROOT}/Target Support Files/Pods-91TDDAndRefactor/Pods-91TDDAndRefactor-frameworks-${CONFIGURATION}-input-files.xcfilelist",
			);
			name = "[CP] Embed Pods Frameworks";
			outputFileListPaths = (
				"${PODS_ROOT}/Target Support Files/Pods-91TDDAndRefactor/Pods-91TDDAndRefactor-frameworks-${CONFIGURATION}-output-files.xcfilelist",
			);
			runOnlyForDeploymentPostprocessing = 0;
			shellPath = /bin/sh;
			shellScript = "\"${PODS_ROOT}/Target Support Files/Pods-91TDDAndRefactor/Pods-91TDDAndRefactor-frameworks.sh\"\n";
			showEnvVarsInLog = 0;
		};
		D3942B44C2CC120B2AEDCA83 /* [CP] Check Pods Manifest.lock */ = {
			isa = PBXShellScriptBuildPhase;
			buildActionMask = 2147483647;
			files = (
			);
			inputFileListPaths = (
			);
			inputPaths = (
				"${PODS_PODFILE_DIR_PATH}/Podfile.lock",
				"${PODS_ROOT}/Manifest.lock",
			);
			name = "[CP] Check Pods Manifest.lock";
			outputFileListPaths = (
			);
			outputPaths = (
				"$(DERIVED_FILE_DIR)/Pods-91TDDAndRefactor-checkManifestLockResult.txt",
			);
			runOnlyForDeploymentPostprocessing = 0;
			shellPath = /bin/sh;
			shellScript = "diff \"${PODS_PODFILE_DIR_PATH}/Podfile.lock\" \"${PODS_ROOT}/Manifest.lock\" > /dev/null\nif [ $? != 0 ] ; then\n    # print error to STDERR\n    echo \"error: The sandbox is not in sync with the Podfile.lock. Run 'pod install' or update your CocoaPods installation.\" >&2\n    exit 1\nfi\n# This output is used by Xcode 'outputs' to avoid re-running this script phase.\necho \"SUCCESS\" > \"${SCRIPT_OUTPUT_FILE_0}\"\n";
			showEnvVarsInLog = 0;
		};
		D4F5C58913A74BB86EEDB799 /* [CP] Check Pods Manifest.lock */ = {
			isa = PBXShellScriptBuildPhase;
			buildActionMask = 2147483647;
			files = (
			);
			inputFileListPaths = (
			);
			inputPaths = (
				"${PODS_PODFILE_DIR_PATH}/Podfile.lock",
				"${PODS_ROOT}/Manifest.lock",
			);
			name = "[CP] Check Pods Manifest.lock";
			outputFileListPaths = (
			);
			outputPaths = (
				"$(DERIVED_FILE_DIR)/Pods-91TDDAndRefactor-91TDDAndRefactorUITests-checkManifestLockResult.txt",
			);
			runOnlyForDeploymentPostprocessing = 0;
			shellPath = /bin/sh;
			shellScript = "diff \"${PODS_PODFILE_DIR_PATH}/Podfile.lock\" \"${PODS_ROOT}/Manifest.lock\" > /dev/null\nif [ $? != 0 ] ; then\n    # print error to STDERR\n    echo \"error: The sandbox is not in sync with the Podfile.lock. Run 'pod install' or update your CocoaPods installation.\" >&2\n    exit 1\nfi\n# This output is used by Xcode 'outputs' to avoid re-running this script phase.\necho \"SUCCESS\" > \"${SCRIPT_OUTPUT_FILE_0}\"\n";
			showEnvVarsInLog = 0;
		};
		EDC0963FBC28808B1CB1A479 /* [CP] Check Pods Manifest.lock */ = {
			isa = PBXShellScriptBuildPhase;
			buildActionMask = 2147483647;
			files = (
			);
			inputFileListPaths = (
			);
			inputPaths = (
				"${PODS_PODFILE_DIR_PATH}/Podfile.lock",
				"${PODS_ROOT}/Manifest.lock",
			);
			name = "[CP] Check Pods Manifest.lock";
			outputFileListPaths = (
			);
			outputPaths = (
				"$(DERIVED_FILE_DIR)/Pods-91TDDAndRefactorTests-checkManifestLockResult.txt",
			);
			runOnlyForDeploymentPostprocessing = 0;
			shellPath = /bin/sh;
			shellScript = "diff \"${PODS_PODFILE_DIR_PATH}/Podfile.lock\" \"${PODS_ROOT}/Manifest.lock\" > /dev/null\nif [ $? != 0 ] ; then\n    # print error to STDERR\n    echo \"error: The sandbox is not in sync with the Podfile.lock. Run 'pod install' or update your CocoaPods installation.\" >&2\n    exit 1\nfi\n# This output is used by Xcode 'outputs' to avoid re-running this script phase.\necho \"SUCCESS\" > \"${SCRIPT_OUTPUT_FILE_0}\"\n";
			showEnvVarsInLog = 0;
		};
/* End PBXShellScriptBuildPhase section */

/* Begin PBXSourcesBuildPhase section */
		366BF40A2A95887C00E0604B /* Sources */ = {
			isa = PBXSourcesBuildPhase;
			buildActionMask = 2147483647;
			files = (
				366BF4162A95887C00E0604B /* ViewController.swift in Sources */,
				366BF4122A95887C00E0604B /* AppDelegate.swift in Sources */,
				366BF4142A95887C00E0604B /* SceneDelegate.swift in Sources */,
			);
			runOnlyForDeploymentPostprocessing = 0;
		};
		366BF4202A95887F00E0604B /* Sources */ = {
			isa = PBXSourcesBuildPhase;
			buildActionMask = 2147483647;
			files = (
				366BF4292A95887F00E0604B /* _1TDDAndRefactorTests.swift in Sources */,
			);
			runOnlyForDeploymentPostprocessing = 0;
		};
		366BF42A2A95887F00E0604B /* Sources */ = {
			isa = PBXSourcesBuildPhase;
			buildActionMask = 2147483647;
			files = (
				366BF4332A95887F00E0604B /* _1TDDAndRefactorUITests.swift in Sources */,
				366BF4352A95887F00E0604B /* _1TDDAndRefactorUITestsLaunchTests.swift in Sources */,
			);
			runOnlyForDeploymentPostprocessing = 0;
		};
/* End PBXSourcesBuildPhase section */

/* Begin PBXTargetDependency section */
		366BF4262A95887F00E0604B /* PBXTargetDependency */ = {
			isa = PBXTargetDependency;
			target = 366BF40D2A95887C00E0604B /* 91TDDAndRefactor */;
			targetProxy = 366BF4252A95887F00E0604B /* PBXContainerItemProxy */;
		};
		366BF4302A95887F00E0604B /* PBXTargetDependency */ = {
			isa = PBXTargetDependency;
			target = 366BF40D2A95887C00E0604B /* 91TDDAndRefactor */;
			targetProxy = 366BF42F2A95887F00E0604B /* PBXContainerItemProxy */;
		};
/* End PBXTargetDependency section */

/* Begin PBXVariantGroup section */
		366BF4172A95887C00E0604B /* Main.storyboard */ = {
			isa = PBXVariantGroup;
			children = (
				366BF4182A95887C00E0604B /* Base */,
			);
			name = Main.storyboard;
			sourceTree = "<group>";
		};
		366BF41C2A95887E00E0604B /* LaunchScreen.storyboard */ = {
			isa = PBXVariantGroup;
			children = (
				366BF41D2A95887E00E0604B /* Base */,
			);
			name = LaunchScreen.storyboard;
			sourceTree = "<group>";
		};
/* End PBXVariantGroup section */

/* Begin XCBuildConfiguration section */
		366BF4362A95887F00E0604B /* Debug */ = {
			isa = XCBuildConfiguration;
			buildSettings = {
				ALWAYS_SEARCH_USER_PATHS = NO;
				ASSETCATALOG_COMPILER_GENERATE_SWIFT_ASSET_SYMBOL_EXTENSIONS = YES;
				CLANG_ANALYZER_NONNULL = YES;
				CLANG_ANALYZER_NUMBER_OBJECT_CONVERSION = YES_AGGRESSIVE;
				CLANG_CXX_LANGUAGE_STANDARD = "gnu++20";
				CLANG_ENABLE_MODULES = YES;
				CLANG_ENABLE_OBJC_ARC = YES;
				CLANG_ENABLE_OBJC_WEAK = YES;
				CLANG_WARN_BLOCK_CAPTURE_AUTORELEASING = YES;
				CLANG_WARN_BOOL_CONVERSION = YES;
				CLANG_WARN_COMMA = YES;
				CLANG_WARN_CONSTANT_CONVERSION = YES;
				CLANG_WARN_DEPRECATED_OBJC_IMPLEMENTATIONS = YES;
				CLANG_WARN_DIRECT_OBJC_ISA_USAGE = YES_ERROR;
				CLANG_WARN_DOCUMENTATION_COMMENTS = YES;
				CLANG_WARN_EMPTY_BODY = YES;
				CLANG_WARN_ENUM_CONVERSION = YES;
				CLANG_WARN_INFINITE_RECURSION = YES;
				CLANG_WARN_INT_CONVERSION = YES;
				CLANG_WARN_NON_LITERAL_NULL_CONVERSION = YES;
				CLANG_WARN_OBJC_IMPLICIT_RETAIN_SELF = YES;
				CLANG_WARN_OBJC_LITERAL_CONVERSION = YES;
				CLANG_WARN_OBJC_ROOT_CLASS = YES_ERROR;
				CLANG_WARN_QUOTED_INCLUDE_IN_FRAMEWORK_HEADER = YES;
				CLANG_WARN_RANGE_LOOP_ANALYSIS = YES;
				CLANG_WARN_STRICT_PROTOTYPES = YES;
				CLANG_WARN_SUSPICIOUS_MOVE = YES;
				CLANG_WARN_UNGUARDED_AVAILABILITY = YES_AGGRESSIVE;
				CLANG_WARN_UNREACHABLE_CODE = YES;
				CLANG_WARN__DUPLICATE_METHOD_MATCH = YES;
				COPY_PHASE_STRIP = NO;
				DEBUG_INFORMATION_FORMAT = dwarf;
				ENABLE_STRICT_OBJC_MSGSEND = YES;
				ENABLE_TESTABILITY = YES;
				ENABLE_USER_SCRIPT_SANDBOXING = YES;
				GCC_C_LANGUAGE_STANDARD = gnu17;
				GCC_DYNAMIC_NO_PIC = NO;
				GCC_NO_COMMON_BLOCKS = YES;
				GCC_OPTIMIZATION_LEVEL = 0;
				GCC_PREPROCESSOR_DEFINITIONS = (
					"DEBUG=1",
					"$(inherited)",
				);
				GCC_WARN_64_TO_32_BIT_CONVERSION = YES;
				GCC_WARN_ABOUT_RETURN_TYPE = YES_ERROR;
				GCC_WARN_UNDECLARED_SELECTOR = YES;
				GCC_WARN_UNINITIALIZED_AUTOS = YES_AGGRESSIVE;
				GCC_WARN_UNUSED_FUNCTION = YES;
				GCC_WARN_UNUSED_VARIABLE = YES;
				IPHONEOS_DEPLOYMENT_TARGET = 17.0;
				LOCALIZATION_PREFERS_STRING_CATALOGS = YES;
				MTL_ENABLE_DEBUG_INFO = INCLUDE_SOURCE;
				MTL_FAST_MATH = YES;
				ONLY_ACTIVE_ARCH = YES;
				SDKROOT = iphoneos;
				SWIFT_ACTIVE_COMPILATION_CONDITIONS = "DEBUG $(inherited)";
				SWIFT_OPTIMIZATION_LEVEL = "-Onone";
			};
			name = Debug;
		};
		366BF4372A95887F00E0604B /* Release */ = {
			isa = XCBuildConfiguration;
			buildSettings = {
				ALWAYS_SEARCH_USER_PATHS = NO;
				ASSETCATALOG_COMPILER_GENERATE_SWIFT_ASSET_SYMBOL_EXTENSIONS = YES;
				CLANG_ANALYZER_NONNULL = YES;
				CLANG_ANALYZER_NUMBER_OBJECT_CONVERSION = YES_AGGRESSIVE;
				CLANG_CXX_LANGUAGE_STANDARD = "gnu++20";
				CLANG_ENABLE_MODULES = YES;
				CLANG_ENABLE_OBJC_ARC = YES;
				CLANG_ENABLE_OBJC_WEAK = YES;
				CLANG_WARN_BLOCK_CAPTURE_AUTORELEASING = YES;
				CLANG_WARN_BOOL_CONVERSION = YES;
				CLANG_WARN_COMMA = YES;
				CLANG_WARN_CONSTANT_CONVERSION = YES;
				CLANG_WARN_DEPRECATED_OBJC_IMPLEMENTATIONS = YES;
				CLANG_WARN_DIRECT_OBJC_ISA_USAGE = YES_ERROR;
				CLANG_WARN_DOCUMENTATION_COMMENTS = YES;
				CLANG_WARN_EMPTY_BODY = YES;
				CLANG_WARN_ENUM_CONVERSION = YES;
				CLANG_WARN_INFINITE_RECURSION = YES;
				CLANG_WARN_INT_CONVERSION = YES;
				CLANG_WARN_NON_LITERAL_NULL_CONVERSION = YES;
				CLANG_WARN_OBJC_IMPLICIT_RETAIN_SELF = YES;
				CLANG_WARN_OBJC_LITERAL_CONVERSION = YES;
				CLANG_WARN_OBJC_ROOT_CLASS = YES_ERROR;
				CLANG_WARN_QUOTED_INCLUDE_IN_FRAMEWORK_HEADER = YES;
				CLANG_WARN_RANGE_LOOP_ANALYSIS = YES;
				CLANG_WARN_STRICT_PROTOTYPES = YES;
				CLANG_WARN_SUSPICIOUS_MOVE = YES;
				CLANG_WARN_UNGUARDED_AVAILABILITY = YES_AGGRESSIVE;
				CLANG_WARN_UNREACHABLE_CODE = YES;
				CLANG_WARN__DUPLICATE_METHOD_MATCH = YES;
				COPY_PHASE_STRIP = NO;
				DEBUG_INFORMATION_FORMAT = "dwarf-with-dsym";
				ENABLE_NS_ASSERTIONS = NO;
				ENABLE_STRICT_OBJC_MSGSEND = YES;
				ENABLE_USER_SCRIPT_SANDBOXING = YES;
				GCC_C_LANGUAGE_STANDARD = gnu17;
				GCC_NO_COMMON_BLOCKS = YES;
				GCC_WARN_64_TO_32_BIT_CONVERSION = YES;
				GCC_WARN_ABOUT_RETURN_TYPE = YES_ERROR;
				GCC_WARN_UNDECLARED_SELECTOR = YES;
				GCC_WARN_UNINITIALIZED_AUTOS = YES_AGGRESSIVE;
				GCC_WARN_UNUSED_FUNCTION = YES;
				GCC_WARN_UNUSED_VARIABLE = YES;
				IPHONEOS_DEPLOYMENT_TARGET = 17.0;
				LOCALIZATION_PREFERS_STRING_CATALOGS = YES;
				MTL_ENABLE_DEBUG_INFO = NO;
				MTL_FAST_MATH = YES;
				SDKROOT = iphoneos;
				SWIFT_COMPILATION_MODE = wholemodule;
				VALIDATE_PRODUCT = YES;
			};
			name = Release;
		};
		366BF4392A95887F00E0604B /* Debug */ = {
			isa = XCBuildConfiguration;
			baseConfigurationReference = 9FEAEA2CB46177497AEEB7EA /* Pods-91TDDAndRefactor.debug.xcconfig */;
			buildSettings = {
				ASSETCATALOG_COMPILER_APPICON_NAME = AppIcon;
				ASSETCATALOG_COMPILER_GLOBAL_ACCENT_COLOR_NAME = AccentColor;
				CODE_SIGN_STYLE = Automatic;
				CURRENT_PROJECT_VERSION = 1;
				DEVELOPMENT_TEAM = U6UBS5PV4B;
				GENERATE_INFOPLIST_FILE = YES;
				INFOPLIST_FILE = 91TDDAndRefactor/Info.plist;
				INFOPLIST_KEY_UIApplicationSupportsIndirectInputEvents = YES;
				INFOPLIST_KEY_UILaunchStoryboardName = LaunchScreen;
				INFOPLIST_KEY_UIMainStoryboardFile = Main;
				INFOPLIST_KEY_UISupportedInterfaceOrientations_iPad = "UIInterfaceOrientationPortrait UIInterfaceOrientationPortraitUpsideDown UIInterfaceOrientationLandscapeLeft UIInterfaceOrientationLandscapeRight";
				INFOPLIST_KEY_UISupportedInterfaceOrientations_iPhone = "UIInterfaceOrientationPortrait UIInterfaceOrientationLandscapeLeft UIInterfaceOrientationLandscapeRight";
				LD_RUNPATH_SEARCH_PATHS = (
					"$(inherited)",
					"@executable_path/Frameworks",
				);
				MARKETING_VERSION = 1.0;
				PRODUCT_BUNDLE_IDENTIFIER = "cathay.-1TDDAndRefactor";
				PRODUCT_NAME = "$(TARGET_NAME)";
				SWIFT_EMIT_LOC_STRINGS = YES;
				SWIFT_VERSION = 5.0;
				TARGETED_DEVICE_FAMILY = "1,2";
			};
			name = Debug;
		};
		366BF43A2A95887F00E0604B /* Release */ = {
			isa = XCBuildConfiguration;
			baseConfigurationReference = D8C47443B161DE54D79D9686 /* Pods-91TDDAndRefactor.release.xcconfig */;
			buildSettings = {
				ASSETCATALOG_COMPILER_APPICON_NAME = AppIcon;
				ASSETCATALOG_COMPILER_GLOBAL_ACCENT_COLOR_NAME = AccentColor;
				CODE_SIGN_STYLE = Automatic;
				CURRENT_PROJECT_VERSION = 1;
				DEVELOPMENT_TEAM = U6UBS5PV4B;
				GENERATE_INFOPLIST_FILE = YES;
				INFOPLIST_FILE = 91TDDAndRefactor/Info.plist;
				INFOPLIST_KEY_UIApplicationSupportsIndirectInputEvents = YES;
				INFOPLIST_KEY_UILaunchStoryboardName = LaunchScreen;
				INFOPLIST_KEY_UIMainStoryboardFile = Main;
				INFOPLIST_KEY_UISupportedInterfaceOrientations_iPad = "UIInterfaceOrientationPortrait UIInterfaceOrientationPortraitUpsideDown UIInterfaceOrientationLandscapeLeft UIInterfaceOrientationLandscapeRight";
				INFOPLIST_KEY_UISupportedInterfaceOrientations_iPhone = "UIInterfaceOrientationPortrait UIInterfaceOrientationLandscapeLeft UIInterfaceOrientationLandscapeRight";
				LD_RUNPATH_SEARCH_PATHS = (
					"$(inherited)",
					"@executable_path/Frameworks",
				);
				MARKETING_VERSION = 1.0;
				PRODUCT_BUNDLE_IDENTIFIER = "cathay.-1TDDAndRefactor";
				PRODUCT_NAME = "$(TARGET_NAME)";
				SWIFT_EMIT_LOC_STRINGS = YES;
				SWIFT_VERSION = 5.0;
				TARGETED_DEVICE_FAMILY = "1,2";
			};
			name = Release;
		};
		366BF43C2A95887F00E0604B /* Debug */ = {
			isa = XCBuildConfiguration;
			baseConfigurationReference = 424F4A4EDB6C3EE857C783BB /* Pods-91TDDAndRefactorTests.debug.xcconfig */;
			buildSettings = {
				ALWAYS_EMBED_SWIFT_STANDARD_LIBRARIES = YES;
				BUNDLE_LOADER = "$(TEST_HOST)";
				CODE_SIGN_STYLE = Automatic;
				CURRENT_PROJECT_VERSION = 1;
				DEVELOPMENT_TEAM = U6UBS5PV4B;
				GENERATE_INFOPLIST_FILE = YES;
				IPHONEOS_DEPLOYMENT_TARGET = 17.0;
				MARKETING_VERSION = 1.0;
				PRODUCT_BUNDLE_IDENTIFIER = "cathay.-1TDDAndRefactorTests";
				PRODUCT_NAME = "$(TARGET_NAME)";
				SWIFT_EMIT_LOC_STRINGS = NO;
				SWIFT_VERSION = 5.0;
				TARGETED_DEVICE_FAMILY = "1,2";
				TEST_HOST = "$(BUILT_PRODUCTS_DIR)/91TDDAndRefactor.app/$(BUNDLE_EXECUTABLE_FOLDER_PATH)/91TDDAndRefactor";
			};
			name = Debug;
		};
		366BF43D2A95887F00E0604B /* Release */ = {
			isa = XCBuildConfiguration;
			baseConfigurationReference = 930D95F86E6EA41F43B6CA91 /* Pods-91TDDAndRefactorTests.release.xcconfig */;
			buildSettings = {
				ALWAYS_EMBED_SWIFT_STANDARD_LIBRARIES = YES;
				BUNDLE_LOADER = "$(TEST_HOST)";
				CODE_SIGN_STYLE = Automatic;
				CURRENT_PROJECT_VERSION = 1;
				DEVELOPMENT_TEAM = U6UBS5PV4B;
				GENERATE_INFOPLIST_FILE = YES;
				IPHONEOS_DEPLOYMENT_TARGET = 17.0;
				MARKETING_VERSION = 1.0;
				PRODUCT_BUNDLE_IDENTIFIER = "cathay.-1TDDAndRefactorTests";
				PRODUCT_NAME = "$(TARGET_NAME)";
				SWIFT_EMIT_LOC_STRINGS = NO;
				SWIFT_VERSION = 5.0;
				TARGETED_DEVICE_FAMILY = "1,2";
				TEST_HOST = "$(BUILT_PRODUCTS_DIR)/91TDDAndRefactor.app/$(BUNDLE_EXECUTABLE_FOLDER_PATH)/91TDDAndRefactor";
			};
			name = Release;
		};
		366BF43F2A95887F00E0604B /* Debug */ = {
			isa = XCBuildConfiguration;
			baseConfigurationReference = 51D486D31A6536FEF7046344 /* Pods-91TDDAndRefactor-91TDDAndRefactorUITests.debug.xcconfig */;
			buildSettings = {
				ALWAYS_EMBED_SWIFT_STANDARD_LIBRARIES = YES;
				CODE_SIGN_STYLE = Automatic;
				CURRENT_PROJECT_VERSION = 1;
				DEVELOPMENT_TEAM = U6UBS5PV4B;
				GENERATE_INFOPLIST_FILE = YES;
				MARKETING_VERSION = 1.0;
				PRODUCT_BUNDLE_IDENTIFIER = "cathay.-1TDDAndRefactorUITests";
				PRODUCT_NAME = "$(TARGET_NAME)";
				SWIFT_EMIT_LOC_STRINGS = NO;
				SWIFT_VERSION = 5.0;
				TARGETED_DEVICE_FAMILY = "1,2";
				TEST_TARGET_NAME = 91TDDAndRefactor;
			};
			name = Debug;
		};
		366BF4402A95887F00E0604B /* Release */ = {
			isa = XCBuildConfiguration;
			baseConfigurationReference = 55F019BBFE66137A6A8CC102 /* Pods-91TDDAndRefactor-91TDDAndRefactorUITests.release.xcconfig */;
			buildSettings = {
				ALWAYS_EMBED_SWIFT_STANDARD_LIBRARIES = YES;
				CODE_SIGN_STYLE = Automatic;
				CURRENT_PROJECT_VERSION = 1;
				DEVELOPMENT_TEAM = U6UBS5PV4B;
				GENERATE_INFOPLIST_FILE = YES;
				MARKETING_VERSION = 1.0;
				PRODUCT_BUNDLE_IDENTIFIER = "cathay.-1TDDAndRefactorUITests";
				PRODUCT_NAME = "$(TARGET_NAME)";
				SWIFT_EMIT_LOC_STRINGS = NO;
				SWIFT_VERSION = 5.0;
				TARGETED_DEVICE_FAMILY = "1,2";
				TEST_TARGET_NAME = 91TDDAndRefactor;
			};
			name = Release;
		};
/* End XCBuildConfiguration section */

/* Begin XCConfigurationList section */
		366BF4092A95887C00E0604B /* Build configuration list for PBXProject "91TDDAndRefactor" */ = {
			isa = XCConfigurationList;
			buildConfigurations = (
				366BF4362A95887F00E0604B /* Debug */,
				366BF4372A95887F00E0604B /* Release */,
			);
			defaultConfigurationIsVisible = 0;
			defaultConfigurationName = Release;
		};
		366BF4382A95887F00E0604B /* Build configuration list for PBXNativeTarget "91TDDAndRefactor" */ = {
			isa = XCConfigurationList;
			buildConfigurations = (
				366BF4392A95887F00E0604B /* Debug */,
				366BF43A2A95887F00E0604B /* Release */,
			);
			defaultConfigurationIsVisible = 0;
			defaultConfigurationName = Release;
		};
		366BF43B2A95887F00E0604B /* Build configuration list for PBXNativeTarget "91TDDAndRefactorTests" */ = {
			isa = XCConfigurationList;
			buildConfigurations = (
				366BF43C2A95887F00E0604B /* Debug */,
				366BF43D2A95887F00E0604B /* Release */,
			);
			defaultConfigurationIsVisible = 0;
			defaultConfigurationName = Release;
		};
		366BF43E2A95887F00E0604B /* Build configuration list for PBXNativeTarget "91TDDAndRefactorUITests" */ = {
			isa = XCConfigurationList;
			buildConfigurations = (
				366BF43F2A95887F00E0604B /* Debug */,
				366BF4402A95887F00E0604B /* Release */,
			);
			defaultConfigurationIsVisible = 0;
			defaultConfigurationName = Release;
		};
/* End XCConfigurationList section */
	};
	rootObject = 366BF4062A95887C00E0604B /* Project object */;
}
