PODS:
  - Mockingbird-Swift (2.0.0):
    - Mockingbird-Swift/Core (= 2.0.0)
  - Mockingbird-Swift/Core (2.0.0)

DEPENDENCIES:
  - Mockingbird-Swift (~> 2.0)

SPEC REPOS:
  trunk:
    - Mockingbird-Swift

SPEC CHECKSUMS:
  Mockingbird-Swift: 642ad1e474976a770a9c5c9af541f7394aff1e76

PODFILE CHECKSUM: c0261bd11a97e6ded200edeb6aacdb228c4341f7

COCOAPODS: 1.11.3
